// !$*UTF8*$!
{
	archiveVersion = 1;
	classes = {
	};
	objectVersion = 46;
	objects = {

/* Begin PBXBuildFile section */
		F56A86561D6F07CE0055A707 /* bird.mp3 in Resources */ = {isa = PBXBuildFile; fileRef = F56A86551D6F07CE0055A707 /* bird.mp3 */; };
		F5DBDC241D6ED93800E958AB /* AppDelegate.swift in Sources */ = {isa = PBXBuildFile; fileRef = F5DBDC231D6ED93800E958AB /* AppDelegate.swift */; };
		F5DBDC261D6ED93800E958AB /* ViewController.swift in Sources */ = {isa = PBXBuildFile; fileRef = F5DBDC251D6ED93800E958AB /* ViewController.swift */; };
		F5DBDC291D6ED93800E958AB /* Main.storyboard in Resources */ = {isa = PBXBuildFile; fileRef = F5DBDC271D6ED93800E958AB /* Main.storyboard */; };
		F5DBDC2B1D6ED93800E958AB /* Assets.xcassets in Resources */ = {isa = PBXBuildFile; fileRef = F5DBDC2A1D6ED93800E958AB /* Assets.xcassets */; };
		F5DBDC2E1D6ED93800E958AB /* LaunchScreen.storyboard in Resources */ = {isa = PBXBuildFile; fileRef = F5DBDC2C1D6ED93800E958AB /* LaunchScreen.storyboard */; };
		F5DBDC391D6EE62A00E958AB /* forest.jpg in Resources */ = {isa = PBXBuildFile; fileRef = F5DBDC381D6EE62A00E958AB /* forest.jpg */; };
		F5DBDC3E1D6EE6B700E958AB /* bird1.png in Resources */ = {isa = PBXBuildFile; fileRef = F5DBDC3A1D6EE6B700E958AB /* bird1.png */; };
		F5DBDC3F1D6EE6B700E958AB /* bird2.png in Resources */ = {isa = PBXBuildFile; fileRef = F5DBDC3B1D6EE6B700E958AB /* bird2.png */; };
		F5DBDC401D6EE6B700E958AB /* bird3.png in Resources */ = {isa = PBXBuildFile; fileRef = F5DBDC3C1D6EE6B700E958AB /* bird3.png */; };
		F5DBDC411D6EE6B700E958AB /* bird4.png in Resources */ = {isa = PBXBuildFile; fileRef = F5DBDC3D1D6EE6B700E958AB /* bird4.png */; };
/* End PBXBuildFile section */

/* Begin PBXFileReference section */
		F56A86551D6F07CE0055A707 /* bird.mp3 */ = {isa = PBXFileReference; lastKnownFileType = audio.mp3; path = bird.mp3; sourceTree = "<group>"; };
		F5DBDC201D6ED93800E958AB /* BirdFly.app */ = {isa = PBXFileReference; explicitFileType = wrapper.application; includeInIndex = 0; path = BirdFly.app; sourceTree = BUILT_PRODUCTS_DIR; };
		F5DBDC231D6ED93800E958AB /* AppDelegate.swift */ = {isa = PBXFileReference; lastKnownFileType = sourcecode.swift; path = AppDelegate.swift; sourceTree = "<group>"; };
		F5DBDC251D6ED93800E958AB /* ViewController.swift */ = {isa = PBXFileReference; lastKnownFileType = sourcecode.swift; path = ViewController.swift; sourceTree = "<group>"; };
		F5DBDC281D6ED93800E958AB /* Base */ = {isa = PBXFileReference; lastKnownFileType = file.storyboard; name = Base; path = Base.lproj/Main.storyboard; sourceTree = "<group>"; };
		F5DBDC2A1D6ED93800E958AB /* Assets.xcassets */ = {isa = PBXFileReference; lastKnownFileType = folder.assetcatalog; path = Assets.xcassets; sourceTree = "<group>"; };
		F5DBDC2D1D6ED93800E958AB /* Base */ = {isa = PBXFileReference; lastKnownFileType = file.storyboard; name = Base; path = Base.lproj/LaunchScreen.storyboard; sourceTree = "<group>"; };
		F5DBDC2F1D6ED93800E958AB /* Info.plist */ = {isa = PBXFileReference; lastKnownFileType = text.plist.xml; path = Info.plist; sourceTree = "<group>"; };
		F5DBDC381D6EE62A00E958AB /* forest.jpg */ = {isa = PBXFileReference; lastKnownFileType = image.jpeg; path = forest.jpg; sourceTree = "<group>"; };
		F5DBDC3A1D6EE6B700E958AB /* bird1.png */ = {isa = PBXFileReference; lastKnownFileType = image.png; path = bird1.png; sourceTree = "<group>"; };
		F5DBDC3B1D6EE6B700E958AB /* bird2.png */ = {isa = PBXFileReference; lastKnownFileType = image.png; path = bird2.png; sourceTree = "<group>"; };
		F5DBDC3C1D6EE6B700E958AB /* bird3.png */ = {isa = PBXFileReference; lastKnownFileType = image.png; path = bird3.png; sourceTree = "<group>"; };
		F5DBDC3D1D6EE6B700E958AB /* bird4.png */ = {isa = PBXFileReference; lastKnownFileType = image.png; path = bird4.png; sourceTree = "<group>"; };
/* End PBXFileReference section */

/* Begin PBXFrameworksBuildPhase section */
		F5DBDC1D1D6ED93800E958AB /* Frameworks */ = {
			isa = PBXFrameworksBuildPhase;
			buildActionMask = 2147483647;
			files = (
			);
			runOnlyForDeploymentPostprocessing = 0;
		};
/* End PBXFrameworksBuildPhase section */

/* Begin PBXGroup section */
		F5DBDC171D6ED93800E958AB = {
			isa = PBXGroup;
			children = (
				F5DBDC221D6ED93800E958AB /* BirdFly */,
				F5DBDC211D6ED93800E958AB /* Products */,
			);
			sourceTree = "<group>";
		};
		F5DBDC211D6ED93800E958AB /* Products */ = {
			isa = PBXGroup;
			children = (
				F5DBDC201D6ED93800E958AB /* BirdFly.app */,
			);
			name = Products;
			sourceTree = "<group>";
		};
		F5DBDC221D6ED93800E958AB /* BirdFly */ = {
			isa = PBXGroup;
			children = (
				F5DBDC351D6EDB6A00E958AB /* images */,
				F5DBDC231D6ED93800E958AB /* AppDelegate.swift */,
				F5DBDC251D6ED93800E958AB /* ViewController.swift */,
				F5DBDC271D6ED93800E958AB /* Main.storyboard */,
				F5DBDC2A1D6ED93800E958AB /* Assets.xcassets */,
				F5DBDC2C1D6ED93800E958AB /* LaunchScreen.storyboard */,
				F5DBDC2F1D6ED93800E958AB /* Info.plist */,
			);
			path = BirdFly;
			sourceTree = "<group>";
		};
		F5DBDC351D6EDB6A00E958AB /* images */ = {
			isa = PBXGroup;
			children = (
				F56A86551D6F07CE0055A707 /* bird.mp3 */,
				F5DBDC381D6EE62A00E958AB /* forest.jpg */,
				F5DBDC3A1D6EE6B700E958AB /* bird1.png */,
				F5DBDC3B1D6EE6B700E958AB /* bird2.png */,
				F5DBDC3C1D6EE6B700E958AB /* bird3.png */,
				F5DBDC3D1D6EE6B700E958AB /* bird4.png */,
			);
			name = images;
			sourceTree = "<group>";
		};
/* End PBXGroup section */

/* Begin PBXNativeTarget section */
		F5DBDC1F1D6ED93800E958AB /* BirdFly */ = {
			isa = PBXNativeTarget;
			buildConfigurationList = F5DBDC321D6ED93800E958AB /* Build configuration list for PBXNativeTarget "BirdFly" */;
			buildPhases = (
				F5DBDC1C1D6ED93800E958AB /* Sources */,
				F5DBDC1D1D6ED93800E958AB /* Frameworks */,
				F5DBDC1E1D6ED93800E958AB /* Resources */,
			);
			buildRules = (
			);
			dependencies = (
			);
			name = BirdFly;
			productName = BirdFly;
			productReference = F5DBDC201D6ED93800E958AB /* BirdFly.app */;
			productType = "com.apple.product-type.application";
		};
/* End PBXNativeTarget section */

/* Begin PBXProject section */
		F5DBDC181D6ED93800E958AB /* Project object */ = {
			isa = PBXProject;
			attributes = {
				LastSwiftUpdateCheck = 0730;
				LastUpgradeCheck = 0730;
				ORGANIZATIONNAME = "Hoàng Minh Thành";
				TargetAttributes = {
					F5DBDC1F1D6ED93800E958AB = {
						CreatedOnToolsVersion = 7.3.1;
					};
				};
			};
			buildConfigurationList = F5DBDC1B1D6ED93800E958AB /* Build configuration list for PBXProject "BirdFly" */;
			compatibilityVersion = "Xcode 3.2";
			developmentRegion = English;
			hasScannedForEncodings = 0;
			knownRegions = (
				en,
				Base,
			);
			mainGroup = F5DBDC171D6ED93800E958AB;
			productRefGroup = F5DBDC211D6ED93800E958AB /* Products */;
			projectDirPath = "";
			projectRoot = "";
			targets = (
				F5DBDC1F1D6ED93800E958AB /* BirdFly */,
			);
		};
/* End PBXProject section */

/* Begin PBXResourcesBuildPhase section */
		F5DBDC1E1D6ED93800E958AB /* Resources */ = {
			isa = PBXResourcesBuildPhase;
			buildActionMask = 2147483647;
			files = (
				F5DBDC3E1D6EE6B700E958AB /* bird1.png in Resources */,
				F5DBDC411D6EE6B700E958AB /* bird4.png in Resources */,
				F56A86561D6F07CE0055A707 /* bird.mp3 in Resources */,
				F5DBDC391D6EE62A00E958AB /* forest.jpg in Resources */,
				F5DBDC2E1D6ED93800E958AB /* LaunchScreen.storyboard in Resources */,
				F5DBDC2B1D6ED93800E958AB /* Assets.xcassets in Resources */,
				F5DBDC291D6ED93800E958AB /* Main.storyboard in Resources */,
				F5DBDC401D6EE6B700E958AB /* bird3.png in Resources */,
				F5DBDC3F1D6EE6B700E958AB /* bird2.png in Resources */,
			);
			runOnlyForDeploymentPostprocessing = 0;
		};
/* End PBXResourcesBuildPhase section */

/* Begin PBXSourcesBuildPhase section */
		F5DBDC1C1D6ED93800E958AB /* Sources */ = {
			isa = PBXSourcesBuildPhase;
			buildActionMask = 2147483647;
			files = (
				F5DBDC261D6ED93800E958AB /* ViewController.swift in Sources */,
				F5DBDC241D6ED93800E958AB /* AppDelegate.swift in Sources */,
			);
			runOnlyForDeploymentPostprocessing = 0;
		};
/* End PBXSourcesBuildPhase section */

/* Begin PBXVariantGroup section */
		F5DBDC271D6ED93800E958AB /* Main.storyboard */ = {
			isa = PBXVariantGroup;
			children = (
				F5DBDC281D6ED93800E958AB /* Base */,
			);
			name = Main.storyboard;
			sourceTree = "<group>";
		};
		F5DBDC2C1D6ED93800E958AB /* LaunchScreen.storyboard */ = {
			isa = PBXVariantGroup;
			children = (
				F5DBDC2D1D6ED93800E958AB /* Base */,
			);
			name = LaunchScreen.storyboard;
			sourceTree = "<group>";
		};
/* End PBXVariantGroup section */

/* Begin XCBuildConfiguration section */
		F5DBDC301D6ED93800E958AB /* Debug */ = {
			isa = XCBuildConfiguration;
			buildSettings = {
				ALWAYS_SEARCH_USER_PATHS = NO;
				CLANG_ANALYZER_NONNULL = YES;
				CLANG_CXX_LANGUAGE_STANDARD = "gnu++0x";
				CLANG_CXX_LIBRARY = "libc++";
				CLANG_ENABLE_MODULES = YES;
				CLANG_ENABLE_OBJC_ARC = YES;
				CLANG_WARN_BOOL_CONVERSION = YES;
				CLANG_WARN_CONSTANT_CONVERSION = YES;
				CLANG_WARN_DIRECT_OBJC_ISA_USAGE = YES_ERROR;
				CLANG_WARN_EMPTY_BODY = YES;
				CLANG_WARN_ENUM_CONVERSION = YES;
				CLANG_WARN_INT_CONVERSION = YES;
				CLANG_WARN_OBJC_ROOT_CLASS = YES_ERROR;
				CLANG_WARN_UNREACHABLE_CODE = YES;
				CLANG_WARN__DUPLICATE_METHOD_MATCH = YES;
				"CODE_SIGN_IDENTITY[sdk=iphoneos*]" = "iPhone Developer";
				COPY_PHASE_STRIP = NO;
				DEBUG_INFORMATION_FORMAT = dwarf;
				ENABLE_STRICT_OBJC_MSGSEND = YES;
				ENABLE_TESTABILITY = YES;
				GCC_C_LANGUAGE_STANDARD = gnu99;
				GCC_DYNAMIC_NO_PIC = NO;
				GCC_NO_COMMON_BLOCKS = YES;
				GCC_OPTIMIZATION_LEVEL = 0;
				GCC_PREPROCESSOR_DEFINITIONS = (
					"DEBUG=1",
					"$(inherited)",
				);
				GCC_WARN_64_TO_32_BIT_CONVERSION = YES;
				GCC_WARN_ABOUT_RETURN_TYPE = YES_ERROR;
				GCC_WARN_UNDECLARED_SELECTOR = YES;
				GCC_WARN_UNINITIALIZED_AUTOS = YES_AGGRESSIVE;
				GCC_WARN_UNUSED_FUNCTION = YES;
				GCC_WARN_UNUSED_VARIABLE = YES;
				IPHONEOS_DEPLOYMENT_TARGET = 9.3;
				MTL_ENABLE_DEBUG_INFO = YES;
				ONLY_ACTIVE_ARCH = YES;
				SDKROOT = iphoneos;
				SWIFT_OPTIMIZATION_LEVEL = "-Onone";
			};
			name = Debug;
		};
		F5DBDC311D6ED93800E958AB /* Release */ = {
			isa = XCBuildConfiguration;
			buildSettings = {
				ALWAYS_SEARCH_USER_PATHS = NO;
				CLANG_ANALYZER_NONNULL = YES;
				CLANG_CXX_LANGUAGE_STANDARD = "gnu++0x";
				CLANG_CXX_LIBRARY = "libc++";
				CLANG_ENABLE_MODULES = YES;
				CLANG_ENABLE_OBJC_ARC = YES;
				CLANG_WARN_BOOL_CONVERSION = YES;
				CLANG_WARN_CONSTANT_CONVERSION = YES;
				CLANG_WARN_DIRECT_OBJC_ISA_USAGE = YES_ERROR;
				CLANG_WARN_EMPTY_BODY = YES;
				CLANG_WARN_ENUM_CONVERSION = YES;
				CLANG_WARN_INT_CONVERSION = YES;
				CLANG_WARN_OBJC_ROOT_CLASS = YES_ERROR;
				CLANG_WARN_UNREACHABLE_CODE = YES;
				CLANG_WARN__DUPLICATE_METHOD_MATCH = YES;
				"CODE_SIGN_IDENTITY[sdk=iphoneos*]" = "iPhone Developer";
				COPY_PHASE_STRIP = NO;
				DEBUG_INFORMATION_FORMAT = "dwarf-with-dsym";
				ENABLE_NS_ASSERTIONS = NO;
				ENABLE_STRICT_OBJC_MSGSEND = YES;
				GCC_C_LANGUAGE_STANDARD = gnu99;
				GCC_NO_COMMON_BLOCKS = YES;
				GCC_WARN_64_TO_32_BIT_CONVERSION = YES;
				GCC_WARN_ABOUT_RETURN_TYPE = YES_ERROR;
				GCC_WARN_UNDECLARED_SELECTOR = YES;
				GCC_WARN_UNINITIALIZED_AUTOS = YES_AGGRESSIVE;
				GCC_WARN_UNUSED_FUNCTION = YES;
				GCC_WARN_UNUSED_VARIABLE = YES;
				IPHONEOS_DEPLOYMENT_TARGET = 9.3;
				MTL_ENABLE_DEBUG_INFO = NO;
				SDKROOT = iphoneos;
				VALIDATE_PRODUCT = YES;
			};
			name = Release;
		};
		F5DBDC331D6ED93800E958AB /* Debug */ = {
			isa = XCBuildConfiguration;
			buildSettings = {
				ASSETCATALOG_COMPILER_APPICON_NAME = AppIcon;
				INFOPLIST_FILE = BirdFly/Info.plist;
				LD_RUNPATH_SEARCH_PATHS = "$(inherited) @executable_path/Frameworks";
				PRODUCT_BUNDLE_IDENTIFIER = hoangminhthanh.BirdFly;
				PRODUCT_NAME = "$(TARGET_NAME)";
			};
			name = Debug;
		};
		F5DBDC341D6ED93800E958AB /* Release */ = {
			isa = XCBuildConfiguration;
			buildSettings = {
				ASSETCATALOG_COMPILER_APPICON_NAME = AppIcon;
				INFOPLIST_FILE = BirdFly/Info.plist;
				LD_RUNPATH_SEARCH_PATHS = "$(inherited) @executable_path/Frameworks";
				PRODUCT_BUNDLE_IDENTIFIER = hoangminhthanh.BirdFly;
				PRODUCT_NAME = "$(TARGET_NAME)";
			};
			name = Release;
		};
/* End XCBuildConfiguration section */

/* Begin XCConfigurationList section */
		F5DBDC1B1D6ED93800E958AB /* Build configuration list for PBXProject "BirdFly" */ = {
			isa = XCConfigurationList;
			buildConfigurations = (
				F5DBDC301D6ED93800E958AB /* Debug */,
				F5DBDC311D6ED93800E958AB /* Release */,
			);
			defaultConfigurationIsVisible = 0;
			defaultConfigurationName = Release;
		};
		F5DBDC321D6ED93800E958AB /* Build configuration list for PBXNativeTarget "BirdFly" */ = {
			isa = XCConfigurationList;
			buildConfigurations = (
				F5DBDC331D6ED93800E958AB /* Debug */,
				F5DBDC341D6ED93800E958AB /* Release */,
			);
			defaultConfigurationIsVisible = 0;
			defaultConfigurationName = Release;
		};
/* End XCConfigurationList section */
	};
	rootObject = F5DBDC181D6ED93800E958AB /* Project object */;
}
